
Microsoft Visual Studio Solution File, Format Version 12.00
# Visual Studio Version 17
VisualStudioVersion = 17.4.33213.308
MinimumVisualStudioVersion = 10.0.40219.1
Project("{9A19103F-16F7-4668-BE54-9A1E7A4F7556}") = "UniversityApp", "UniversityApp\UniversityApp.csproj", "{22A15902-0F2F-414B-AC37-195ECCA38E4A}"
EndProject
Project("{FAE04EC0-301F-11D3-BF4B-00C04F79EFBC}") = "EternaMVC", "EternaMVC\EternaMVC.csproj", "{09910CB3-1F25-472B-A419-23BE435F9188}"
EndProject
Global
	GlobalSection(SolutionConfigurationPlatforms) = preSolution
		Debug|Any CPU = Debug|Any CPU
		Release|Any CPU = Release|Any CPU
	EndGlobalSection
	GlobalSection(ProjectConfigurationPlatforms) = postSolution
		{22A15902-0F2F-414B-AC37-195ECCA38E4A}.Debug|Any CPU.ActiveCfg = Debug|Any CPU
		{22A15902-0F2F-414B-AC37-195ECCA38E4A}.Debug|Any CPU.Build.0 = Debug|Any CPU
		{22A15902-0F2F-414B-AC37-195ECCA38E4A}.Release|Any CPU.ActiveCfg = Release|Any CPU
		{22A15902-0F2F-414B-AC37-195ECCA38E4A}.Release|Any CPU.Build.0 = Release|Any CPU
		{09910CB3-1F25-472B-A419-23BE435F9188}.Debug|Any CPU.ActiveCfg = Debug|Any CPU
		{09910CB3-1F25-472B-A419-23BE435F9188}.Debug|Any CPU.Build.0 = Debug|Any CPU
		{09910CB3-1F25-472B-A419-23BE435F9188}.Release|Any CPU.ActiveCfg = Release|Any CPU
		{09910CB3-1F25-472B-A419-23BE435F9188}.Release|Any CPU.Build.0 = Release|Any CPU
	EndGlobalSection
	GlobalSection(SolutionProperties) = preSolution
		HideSolutionNode = FALSE
	EndGlobalSection
	GlobalSection(ExtensibilityGlobals) = postSolution
		SolutionGuid = {8D407452-71BF-4E1F-A9FE-9564FC6E5A74}
	EndGlobalSection
EndGlobal
